
Microsoft Visual Studio Solution File, Format Version 12.00
# Visual Studio Version 17
VisualStudioVersion = 17.7.34024.191
MinimumVisualStudioVersion = 10.0.40219.1
Project("{FAE04EC0-301F-11D3-BF4B-00C04F79EFBC}") = "Add_New_Contact_UC2", "Add_New_Contact_UC2.csproj", "{D0E38CC1-4A0D-47B7-9061-5B50B67C606A}"
EndProject
Global
	GlobalSection(SolutionConfigurationPlatforms) = preSolution
		Debug|Any CPU = Debug|Any CPU
		Release|Any CPU = Release|Any CPU
	EndGlobalSection
	GlobalSection(ProjectConfigurationPlatforms) = postSolution
		{D0E38CC1-4A0D-47B7-9061-5B50B67C606A}.Debug|Any CPU.ActiveCfg = Debug|Any CPU
		{D0E38CC1-4A0D-47B7-9061-5B50B67C606A}.Debug|Any CPU.Build.0 = Debug|Any CPU
		{D0E38CC1-4A0D-47B7-9061-5B50B67C606A}.Release|Any CPU.ActiveCfg = Release|Any CPU
		{D0E38CC1-4A0D-47B7-9061-5B50B67C606A}.Release|Any CPU.Build.0 = Release|Any CPU
	EndGlobalSection
	GlobalSection(SolutionProperties) = preSolution
		HideSolutionNode = FALSE
	EndGlobalSection
	GlobalSection(ExtensibilityGlobals) = postSolution
		SolutionGuid = {485D5CEB-334D-4FD2-A828-10A196B3F3EB}
	EndGlobalSection
EndGlobal
